
Microsoft Visual Studio Solution File, Format Version 12.00
# Visual Studio Version 17
VisualStudioVersion = 17.6.33801.468
MinimumVisualStudioVersion = 10.0.40219.1
Project("{FAE04EC0-301F-11D3-BF4B-00C04F79EFBC}") = "Information Systems Exercise", "Information Systems Exercise.csproj", "{CCABEDF6-708D-456B-A693-310AA2FC0AF4}"
EndProject
Global
	GlobalSection(SolutionConfigurationPlatforms) = preSolution
		Debug|Any CPU = Debug|Any CPU
		Release|Any CPU = Release|Any CPU
	EndGlobalSection
	GlobalSection(ProjectConfigurationPlatforms) = postSolution
		{CCABEDF6-708D-456B-A693-310AA2FC0AF4}.Debug|Any CPU.ActiveCfg = Debug|Any CPU
		{CCABEDF6-708D-456B-A693-310AA2FC0AF4}.Debug|Any CPU.Build.0 = Debug|Any CPU
		{CCABEDF6-708D-456B-A693-310AA2FC0AF4}.Release|Any CPU.ActiveCfg = Release|Any CPU
		{CCABEDF6-708D-456B-A693-310AA2FC0AF4}.Release|Any CPU.Build.0 = Release|Any CPU
	EndGlobalSection
	GlobalSection(SolutionProperties) = preSolution
		HideSolutionNode = FALSE
	EndGlobalSection
	GlobalSection(ExtensibilityGlobals) = postSolution
		SolutionGuid = {5B7E0877-0C1E-4A97-8F90-2B875092ACF5}
	EndGlobalSection
EndGlobal
